{
  "name": "imc-calc",
  "version": "1.0.0",
  "lockfileVersion": 2,
  "requires": true,
  "packages": {
    "": {
      "name": "imc-calc",
      "version": "1.0.0",
      "license": "ISC",
      "dependencies": {
        "systemjs": "^6.8.3"
      }
    },
    "node_modules/systemjs": {
      "version": "6.12.6",
      "resolved": "https://registry.npmjs.org/systemjs/-/systemjs-6.12.6.tgz",
      "integrity": "sha512-SawLiWya8/uNR4p12OggSYZ35tP4U4QTpfV57DdZEOPr6+J6zlLSeeEpMmzYTEoBAsMhctdEE+SWJUDYX4EaKw=="
    }
  },
  "dependencies": {
    "systemjs": {
      "version": "6.12.6",
      "resolved": "https://registry.npmjs.org/systemjs/-/systemjs-6.12.6.tgz",
      "integrity": "sha512-SawLiWya8/uNR4p12OggSYZ35tP4U4QTpfV57DdZEOPr6+J6zlLSeeEpMmzYTEoBAsMhctdEE+SWJUDYX4EaKw=="
    }
  }
}
